
Microsoft Visual Studio Solution File, Format Version 12.00
# Visual Studio Version 17
VisualStudioVersion = 17.1.32210.238
MinimumVisualStudioVersion = 10.0.40219.1
Project("{E24C65DC-7377-472B-9ABA-BC803B73C61A}") = "ex11_3", "ex11_3\", "{EFFB47E8-D127-4E69-868A-BD8776B00264}"
	ProjectSection(WebsiteProperties) = preProject
		TargetFrameworkMoniker = ".NETFramework,Version%3Dv4.0"
		Debug.AspNetCompiler.VirtualPath = "/localhost_58080"
		Debug.AspNetCompiler.PhysicalPath = "ex11_3\"
		Debug.AspNetCompiler.TargetPath = "PrecompiledWeb\localhost_58080\"
		Debug.AspNetCompiler.Updateable = "true"
		Debug.AspNetCompiler.ForceOverwrite = "true"
		Debug.AspNetCompiler.FixedNames = "false"
		Debug.AspNetCompiler.Debug = "True"
		Release.AspNetCompiler.VirtualPath = "/localhost_58080"
		Release.AspNetCompiler.PhysicalPath = "ex11_3\"
		Release.AspNetCompiler.TargetPath = "PrecompiledWeb\localhost_58080\"
		Release.AspNetCompiler.Updateable = "true"
		Release.AspNetCompiler.ForceOverwrite = "true"
		Release.AspNetCompiler.FixedNames = "false"
		Release.AspNetCompiler.Debug = "False"
		VWDPort = "58080"
		SlnRelativePath = "ex11_3\"
		DefaultWebSiteLanguage = "Visual C#"
	EndProjectSection
EndProject
Global
	GlobalSection(SolutionConfigurationPlatforms) = preSolution
		Debug|Any CPU = Debug|Any CPU
	EndGlobalSection
	GlobalSection(ProjectConfigurationPlatforms) = postSolution
		{EFFB47E8-D127-4E69-868A-BD8776B00264}.Debug|Any CPU.ActiveCfg = Debug|Any CPU
		{EFFB47E8-D127-4E69-868A-BD8776B00264}.Debug|Any CPU.Build.0 = Debug|Any CPU
	EndGlobalSection
	GlobalSection(SolutionProperties) = preSolution
		HideSolutionNode = FALSE
	EndGlobalSection
	GlobalSection(ExtensibilityGlobals) = postSolution
		SolutionGuid = {446C068E-6468-4E1A-9FE3-EF02BEC0B3EB}
	EndGlobalSection
EndGlobal
